
Microsoft Visual Studio Solution File, Format Version 12.00
# Visual Studio Version 17
VisualStudioVersion = 17.5.33516.290
MinimumVisualStudioVersion = 10.0.40219.1
Project("{FAE04EC0-301F-11D3-BF4B-00C04F79EFBC}") = "Veri_Tabanlı_Parti_Secim_Grafik", "Veri_Tabanlı_Parti_Secim_Grafik\Veri_Tabanlı_Parti_Secim_Grafik.csproj", "{092AB28B-0549-455B-8986-FCC728F08CD5}"
EndProject
Global
	GlobalSection(SolutionConfigurationPlatforms) = preSolution
		Debug|Any CPU = Debug|Any CPU
		Release|Any CPU = Release|Any CPU
	EndGlobalSection
	GlobalSection(ProjectConfigurationPlatforms) = postSolution
		{092AB28B-0549-455B-8986-FCC728F08CD5}.Debug|Any CPU.ActiveCfg = Debug|Any CPU
		{092AB28B-0549-455B-8986-FCC728F08CD5}.Debug|Any CPU.Build.0 = Debug|Any CPU
		{092AB28B-0549-455B-8986-FCC728F08CD5}.Release|Any CPU.ActiveCfg = Release|Any CPU
		{092AB28B-0549-455B-8986-FCC728F08CD5}.Release|Any CPU.Build.0 = Release|Any CPU
	EndGlobalSection
	GlobalSection(SolutionProperties) = preSolution
		HideSolutionNode = FALSE
	EndGlobalSection
	GlobalSection(ExtensibilityGlobals) = postSolution
		SolutionGuid = {7299560A-7E97-4B91-9A61-306A367EAC19}
	EndGlobalSection
EndGlobal
